
Microsoft Visual Studio Solution File, Format Version 12.00
# Visual Studio Version 16
VisualStudioVersion = 16.0.31019.35
MinimumVisualStudioVersion = 10.0.40219.1
Project("{FAE04EC0-301F-11D3-BF4B-00C04F79EFBC}") = "QuadrantGitDemo", "QuadrantGitDemo\QuadrantGitDemo.csproj", "{7E4CC488-8D05-4E02-AEFD-18F46B2B1163}"
EndProject
Global
	GlobalSection(SolutionConfigurationPlatforms) = preSolution
		Debug|Any CPU = Debug|Any CPU
		Release|Any CPU = Release|Any CPU
	EndGlobalSection
	GlobalSection(ProjectConfigurationPlatforms) = postSolution
		{7E4CC488-8D05-4E02-AEFD-18F46B2B1163}.Debug|Any CPU.ActiveCfg = Debug|Any CPU
		{7E4CC488-8D05-4E02-AEFD-18F46B2B1163}.Debug|Any CPU.Build.0 = Debug|Any CPU
		{7E4CC488-8D05-4E02-AEFD-18F46B2B1163}.Release|Any CPU.ActiveCfg = Release|Any CPU
		{7E4CC488-8D05-4E02-AEFD-18F46B2B1163}.Release|Any CPU.Build.0 = Release|Any CPU
	EndGlobalSection
	GlobalSection(SolutionProperties) = preSolution
		HideSolutionNode = FALSE
	EndGlobalSection
	GlobalSection(ExtensibilityGlobals) = postSolution
		SolutionGuid = {D2F30928-7AB9-4155-8148-47B114C8F5EA}
	EndGlobalSection
EndGlobal
